{
  "version": 4,
  "terraform_version": "0.15.4",
  "serial": 5,
  "lineage": "05b270c4-d9ec-0a2d-b542-8e8b13a3f5ec",
  "outputs": {},
  "resources": [
    {
      "mode": "managed",
      "type": "google_storage_bucket",
      "name": "auto-expire",
      "provider": "provider[\"registry.terraform.io/hashicorp/google\"]",
      "instances": [
        {
          "schema_version": 0,
          "attributes": {
            "bucket_policy_only": false,
            "cors": [],
            "default_event_based_hold": false,
            "encryption": [],
            "force_destroy": true,
            "id": "auto-expiring-bucket-123654788",
            "labels": null,
            "lifecycle_rule": [
              {
                "action": [
                  {
                    "storage_class": "",
                    "type": "Delete"
                  }
                ],
                "condition": [
                  {
                    "age": 3,
                    "created_before": "",
                    "custom_time_before": "",
                    "days_since_custom_time": 0,
                    "days_since_noncurrent_time": 0,
                    "matches_storage_class": [],
                    "noncurrent_time_before": "",
                    "num_newer_versions": 0,
                    "with_state": "ANY"
                  }
                ]
              }
            ],
            "location": "US",
            "logging": [],
            "name": "auto-expiring-bucket-123654788",
            "project": "able-river-315213",
            "requester_pays": false,
            "retention_policy": [],
            "self_link": "https://www.googleapis.com/storage/v1/b/auto-expiring-bucket-123654788",
            "storage_class": "STANDARD",
            "uniform_bucket_level_access": false,
            "url": "gs://auto-expiring-bucket-123654788",
            "versioning": [],
            "website": []
          },
          "sensitive_attributes": [],
          "private": "bnVsbA=="
        }
      ]
    }
  ]
}
